{
  "originHash" : "652a3e5623b2e6c8c6e0e0b946c185247190377f8f46737da6c1d9062f42423e",
  "pins" : [
    {
      "identity" : "mixpanel-swift",
      "kind" : "remoteSourceControl",
      "location" : "https://github.com/mixpanel/mixpanel-swift",
      "state" : {
        "branch" : "master",
        "revision" : "1ae92448ec3b0841ae5ceaa151c98ae66776596a"
      }
    }
  ],
  "version" : 3
}
