// !$*UTF8*$!
{
	archiveVersion = 1;
	classes = {
	};
	objectVersion = 56;
	objects = {

/* Begin PBXBuildFile section */
		BB490E7B2B7E6FA5000D232B /* Assets.xcassets in Resources */ = {isa = PBXBuildFile; fileRef = BB490E7A2B7E6FA5000D232B /* Assets.xcassets */; };
		BB490E7E2B7E6FA5000D232B /* Preview Assets.xcassets in Resources */ = {isa = PBXBuildFile; fileRef = BB490E7D2B7E6FA5000D232B /* Preview Assets.xcassets */; };
		BB490E902B7E7025000D232B /* ContentView.swift in Sources */ = {isa = PBXBuildFile; fileRef = BB490E882B7E7025000D232B /* ContentView.swift */; };
		BB490E922B7E7025000D232B /* VitalityPro.swift in Sources */ = {isa = PBXBuildFile; fileRef = BB490E8A2B7E7025000D232B /* VitalityPro.swift */; };
		BB490E9E2B7E7179000D232B /* VTHelpView.swift in Sources */ = {isa = PBXBuildFile; fileRef = BB490E9B2B7E7179000D232B /* VTHelpView.swift */; };
		BB490E9F2B7E7179000D232B /* CameraView.swift in Sources */ = {isa = PBXBuildFile; fileRef = BB490E9C2B7E7179000D232B /* CameraView.swift */; };
		BB490EA02B7E7179000D232B /* ViewfinderView.swift in Sources */ = {isa = PBXBuildFile; fileRef = BB490E9D2B7E7179000D232B /* ViewfinderView.swift */; };
		BB490EA52B7E718A000D232B /* DashboardCardView.swift in Sources */ = {isa = PBXBuildFile; fileRef = BB490EA12B7E718A000D232B /* DashboardCardView.swift */; };
		BB490EA62B7E718A000D232B /* DashboardEmojiView.swift in Sources */ = {isa = PBXBuildFile; fileRef = BB490EA22B7E718A000D232B /* DashboardEmojiView.swift */; };
		BB490EA72B7E718A000D232B /* DashboardView.swift in Sources */ = {isa = PBXBuildFile; fileRef = BB490EA32B7E718A000D232B /* DashboardView.swift */; };
		BB490EA82B7E718A000D232B /* DashboardGridView.swift in Sources */ = {isa = PBXBuildFile; fileRef = BB490EA42B7E718A000D232B /* DashboardGridView.swift */; };
		BB490EAC2B7E71B7000D232B /* DetailInfoView.swift in Sources */ = {isa = PBXBuildFile; fileRef = BB490EA92B7E71B7000D232B /* DetailInfoView.swift */; };
		BB490EAD2B7E71B7000D232B /* DetailStatisticsView.swift in Sources */ = {isa = PBXBuildFile; fileRef = BB490EAA2B7E71B7000D232B /* DetailStatisticsView.swift */; };
		BB490EAE2B7E71B7000D232B /* DetailView.swift in Sources */ = {isa = PBXBuildFile; fileRef = BB490EAB2B7E71B7000D232B /* DetailView.swift */; };
		BB490EB02B7E71DD000D232B /* SettingsView.swift in Sources */ = {isa = PBXBuildFile; fileRef = BB490EAF2B7E71DD000D232B /* SettingsView.swift */; };
		BB490EB22B7E71F7000D232B /* InfoView.swift in Sources */ = {isa = PBXBuildFile; fileRef = BB490EB12B7E71F7000D232B /* InfoView.swift */; };
		BB490EBB2B7E7216000D232B /* EmojiModel.swift in Sources */ = {isa = PBXBuildFile; fileRef = BB490EB42B7E7216000D232B /* EmojiModel.swift */; };
		BB490EBD2B7E7216000D232B /* CameraModel.swift in Sources */ = {isa = PBXBuildFile; fileRef = BB490EB62B7E7216000D232B /* CameraModel.swift */; };
		BB490EBE2B7E7216000D232B /* FoodModel.swift in Sources */ = {isa = PBXBuildFile; fileRef = BB490EB72B7E7216000D232B /* FoodModel.swift */; };
		BB490EC02B7E7216000D232B /* VitaminModel.swift in Sources */ = {isa = PBXBuildFile; fileRef = BB490EB92B7E7216000D232B /* VitaminModel.swift */; };
		BB490EC52B7E727B000D232B /* CameraViewModel.swift in Sources */ = {isa = PBXBuildFile; fileRef = BB490EC32B7E727B000D232B /* CameraViewModel.swift */; };
		BB490EC62B7E727B000D232B /* PropertyViewModel.swift in Sources */ = {isa = PBXBuildFile; fileRef = BB490EC42B7E727B000D232B /* PropertyViewModel.swift */; };
		BB490ECC2B7E72A2000D232B /* Double.swift in Sources */ = {isa = PBXBuildFile; fileRef = BB490EC82B7E72A1000D232B /* Double.swift */; };
		BB490ECE2B7E72A2000D232B /* Calendar.swift in Sources */ = {isa = PBXBuildFile; fileRef = BB490ECA2B7E72A1000D232B /* Calendar.swift */; };
		BB490ECF2B7E72A2000D232B /* Date.swift in Sources */ = {isa = PBXBuildFile; fileRef = BB490ECB2B7E72A2000D232B /* Date.swift */; };
		BB490ED42B7E72C3000D232B /* Weekdays.swift in Sources */ = {isa = PBXBuildFile; fileRef = BB490ED12B7E72C3000D232B /* Weekdays.swift */; };
		BB490ED52B7E72C3000D232B /* Foods.swift in Sources */ = {isa = PBXBuildFile; fileRef = BB490ED22B7E72C3000D232B /* Foods.swift */; };
		BB490ED62B7E72C3000D232B /* Vitamins.swift in Sources */ = {isa = PBXBuildFile; fileRef = BB490ED32B7E72C3000D232B /* Vitamins.swift */; };
		BB490EDA2B7E733B000D232B /* FoodDetection.mlmodel in Sources */ = {isa = PBXBuildFile; fileRef = BB490ED92B7E733B000D232B /* FoodDetection.mlmodel */; };
		BB490EDD2B7E847D000D232B /* ToolbarView.swift in Sources */ = {isa = PBXBuildFile; fileRef = BB490EDC2B7E847D000D232B /* ToolbarView.swift */; };
		BB490EE42B7E89F1000D232B /* HealthKitViewModel.swift in Sources */ = {isa = PBXBuildFile; fileRef = BB490EE22B7E89F1000D232B /* HealthKitViewModel.swift */; };
		BB490EE72B7EAF1F000D232B /* UnavailableView.swift in Sources */ = {isa = PBXBuildFile; fileRef = BB490EE62B7EAF1F000D232B /* UnavailableView.swift */; };
		BB490EE92B7EBA48000D232B /* OnboardingView.swift in Sources */ = {isa = PBXBuildFile; fileRef = BB490EE82B7EBA48000D232B /* OnboardingView.swift */; };
		BB490EEF2B7ED94C000D232B /* HKHealthRequest.swift in Sources */ = {isa = PBXBuildFile; fileRef = BB490EEE2B7ED94C000D232B /* HKHealthRequest.swift */; };
		BB490EF12B7ED997000D232B /* HKAuthorizationStatus.swift in Sources */ = {isa = PBXBuildFile; fileRef = BB490EF02B7ED997000D232B /* HKAuthorizationStatus.swift */; };
		BB490EF32B7ED9C7000D232B /* HKBiologicalSex.swift in Sources */ = {isa = PBXBuildFile; fileRef = BB490EF22B7ED9C7000D232B /* HKBiologicalSex.swift */; };
		BB490EF52B7EDA1C000D232B /* HKDataHandler.swift in Sources */ = {isa = PBXBuildFile; fileRef = BB490EF42B7EDA1C000D232B /* HKDataHandler.swift */; };
		BB4917132B7EF548000D232B /* HealthKitModels.swift in Sources */ = {isa = PBXBuildFile; fileRef = BB4917122B7EF548000D232B /* HealthKitModels.swift */; };
		BB735B9F2BD6943D003C30C6 /* Mixpanel in Frameworks */ = {isa = PBXBuildFile; productRef = BB735B9E2BD6943D003C30C6 /* Mixpanel */; };
/* End PBXBuildFile section */

/* Begin PBXFileReference section */
		BB490E732B7E6FA3000D232B /* Vitality Pro.app */ = {isa = PBXFileReference; explicitFileType = wrapper.application; includeInIndex = 0; path = "Vitality Pro.app"; sourceTree = BUILT_PRODUCTS_DIR; };
		BB490E7A2B7E6FA5000D232B /* Assets.xcassets */ = {isa = PBXFileReference; lastKnownFileType = folder.assetcatalog; path = Assets.xcassets; sourceTree = "<group>"; };
		BB490E7D2B7E6FA5000D232B /* Preview Assets.xcassets */ = {isa = PBXFileReference; lastKnownFileType = folder.assetcatalog; path = "Preview Assets.xcassets"; sourceTree = "<group>"; };
		BB490E882B7E7025000D232B /* ContentView.swift */ = {isa = PBXFileReference; fileEncoding = 4; lastKnownFileType = sourcecode.swift; path = ContentView.swift; sourceTree = "<group>"; };
		BB490E8A2B7E7025000D232B /* VitalityPro.swift */ = {isa = PBXFileReference; fileEncoding = 4; lastKnownFileType = sourcecode.swift; path = VitalityPro.swift; sourceTree = "<group>"; };
		BB490E9B2B7E7179000D232B /* VTHelpView.swift */ = {isa = PBXFileReference; fileEncoding = 4; lastKnownFileType = sourcecode.swift; path = VTHelpView.swift; sourceTree = "<group>"; };
		BB490E9C2B7E7179000D232B /* CameraView.swift */ = {isa = PBXFileReference; fileEncoding = 4; lastKnownFileType = sourcecode.swift; path = CameraView.swift; sourceTree = "<group>"; };
		BB490E9D2B7E7179000D232B /* ViewfinderView.swift */ = {isa = PBXFileReference; fileEncoding = 4; lastKnownFileType = sourcecode.swift; path = ViewfinderView.swift; sourceTree = "<group>"; };
		BB490EA12B7E718A000D232B /* DashboardCardView.swift */ = {isa = PBXFileReference; fileEncoding = 4; lastKnownFileType = sourcecode.swift; path = DashboardCardView.swift; sourceTree = "<group>"; };
		BB490EA22B7E718A000D232B /* DashboardEmojiView.swift */ = {isa = PBXFileReference; fileEncoding = 4; lastKnownFileType = sourcecode.swift; path = DashboardEmojiView.swift; sourceTree = "<group>"; };
		BB490EA32B7E718A000D232B /* DashboardView.swift */ = {isa = PBXFileReference; fileEncoding = 4; lastKnownFileType = sourcecode.swift; path = DashboardView.swift; sourceTree = "<group>"; };
		BB490EA42B7E718A000D232B /* DashboardGridView.swift */ = {isa = PBXFileReference; fileEncoding = 4; lastKnownFileType = sourcecode.swift; path = DashboardGridView.swift; sourceTree = "<group>"; };
		BB490EA92B7E71B7000D232B /* DetailInfoView.swift */ = {isa = PBXFileReference; fileEncoding = 4; lastKnownFileType = sourcecode.swift; path = DetailInfoView.swift; sourceTree = "<group>"; };
		BB490EAA2B7E71B7000D232B /* DetailStatisticsView.swift */ = {isa = PBXFileReference; fileEncoding = 4; lastKnownFileType = sourcecode.swift; path = DetailStatisticsView.swift; sourceTree = "<group>"; };
		BB490EAB2B7E71B7000D232B /* DetailView.swift */ = {isa = PBXFileReference; fileEncoding = 4; lastKnownFileType = sourcecode.swift; path = DetailView.swift; sourceTree = "<group>"; };
		BB490EAF2B7E71DD000D232B /* SettingsView.swift */ = {isa = PBXFileReference; fileEncoding = 4; lastKnownFileType = sourcecode.swift; path = SettingsView.swift; sourceTree = "<group>"; };
		BB490EB12B7E71F7000D232B /* InfoView.swift */ = {isa = PBXFileReference; fileEncoding = 4; lastKnownFileType = sourcecode.swift; path = InfoView.swift; sourceTree = "<group>"; };
		BB490EB42B7E7216000D232B /* EmojiModel.swift */ = {isa = PBXFileReference; fileEncoding = 4; lastKnownFileType = sourcecode.swift; path = EmojiModel.swift; sourceTree = "<group>"; };
		BB490EB62B7E7216000D232B /* CameraModel.swift */ = {isa = PBXFileReference; fileEncoding = 4; lastKnownFileType = sourcecode.swift; path = CameraModel.swift; sourceTree = "<group>"; };
		BB490EB72B7E7216000D232B /* FoodModel.swift */ = {isa = PBXFileReference; fileEncoding = 4; lastKnownFileType = sourcecode.swift; path = FoodModel.swift; sourceTree = "<group>"; };
		BB490EB92B7E7216000D232B /* VitaminModel.swift */ = {isa = PBXFileReference; fileEncoding = 4; lastKnownFileType = sourcecode.swift; path = VitaminModel.swift; sourceTree = "<group>"; };
		BB490EC32B7E727B000D232B /* CameraViewModel.swift */ = {isa = PBXFileReference; fileEncoding = 4; lastKnownFileType = sourcecode.swift; path = CameraViewModel.swift; sourceTree = "<group>"; };
		BB490EC42B7E727B000D232B /* PropertyViewModel.swift */ = {isa = PBXFileReference; fileEncoding = 4; lastKnownFileType = sourcecode.swift; path = PropertyViewModel.swift; sourceTree = "<group>"; };
		BB490EC82B7E72A1000D232B /* Double.swift */ = {isa = PBXFileReference; fileEncoding = 4; lastKnownFileType = sourcecode.swift; path = Double.swift; sourceTree = "<group>"; };
		BB490ECA2B7E72A1000D232B /* Calendar.swift */ = {isa = PBXFileReference; fileEncoding = 4; lastKnownFileType = sourcecode.swift; path = Calendar.swift; sourceTree = "<group>"; };
		BB490ECB2B7E72A2000D232B /* Date.swift */ = {isa = PBXFileReference; fileEncoding = 4; lastKnownFileType = sourcecode.swift; path = Date.swift; sourceTree = "<group>"; };
		BB490ED12B7E72C3000D232B /* Weekdays.swift */ = {isa = PBXFileReference; fileEncoding = 4; lastKnownFileType = sourcecode.swift; path = Weekdays.swift; sourceTree = "<group>"; };
		BB490ED22B7E72C3000D232B /* Foods.swift */ = {isa = PBXFileReference; fileEncoding = 4; lastKnownFileType = sourcecode.swift; path = Foods.swift; sourceTree = "<group>"; };
		BB490ED32B7E72C3000D232B /* Vitamins.swift */ = {isa = PBXFileReference; fileEncoding = 4; lastKnownFileType = sourcecode.swift; path = Vitamins.swift; sourceTree = "<group>"; };
		BB490ED92B7E733B000D232B /* FoodDetection.mlmodel */ = {isa = PBXFileReference; lastKnownFileType = file.mlmodel; path = FoodDetection.mlmodel; sourceTree = "<group>"; };
		BB490EDC2B7E847D000D232B /* ToolbarView.swift */ = {isa = PBXFileReference; lastKnownFileType = sourcecode.swift; path = ToolbarView.swift; sourceTree = "<group>"; };
		BB490EE22B7E89F1000D232B /* HealthKitViewModel.swift */ = {isa = PBXFileReference; fileEncoding = 4; lastKnownFileType = sourcecode.swift; path = HealthKitViewModel.swift; sourceTree = "<group>"; };
		BB490EE52B7E9530000D232B /* Vitality Pro.entitlements */ = {isa = PBXFileReference; lastKnownFileType = text.plist.entitlements; path = "Vitality Pro.entitlements"; sourceTree = "<group>"; };
		BB490EE62B7EAF1F000D232B /* UnavailableView.swift */ = {isa = PBXFileReference; lastKnownFileType = sourcecode.swift; path = UnavailableView.swift; sourceTree = "<group>"; };
		BB490EE82B7EBA48000D232B /* OnboardingView.swift */ = {isa = PBXFileReference; lastKnownFileType = sourcecode.swift; path = OnboardingView.swift; sourceTree = "<group>"; };
		BB490EEE2B7ED94C000D232B /* HKHealthRequest.swift */ = {isa = PBXFileReference; lastKnownFileType = sourcecode.swift; path = HKHealthRequest.swift; sourceTree = "<group>"; };
		BB490EF02B7ED997000D232B /* HKAuthorizationStatus.swift */ = {isa = PBXFileReference; lastKnownFileType = sourcecode.swift; path = HKAuthorizationStatus.swift; sourceTree = "<group>"; };
		BB490EF22B7ED9C7000D232B /* HKBiologicalSex.swift */ = {isa = PBXFileReference; lastKnownFileType = sourcecode.swift; path = HKBiologicalSex.swift; sourceTree = "<group>"; };
		BB490EF42B7EDA1C000D232B /* HKDataHandler.swift */ = {isa = PBXFileReference; lastKnownFileType = sourcecode.swift; path = HKDataHandler.swift; sourceTree = "<group>"; };
		BB4917122B7EF548000D232B /* HealthKitModels.swift */ = {isa = PBXFileReference; lastKnownFileType = sourcecode.swift; path = HealthKitModels.swift; sourceTree = "<group>"; };
		BBF437DB2BD6E53C0038B24D /* PrivacyInfo.xcprivacy */ = {isa = PBXFileReference; lastKnownFileType = text.xml; path = PrivacyInfo.xcprivacy; sourceTree = "<group>"; };
		BBF437DC2BD6E6180038B24D /* Vitality-Pro-Info.plist */ = {isa = PBXFileReference; lastKnownFileType = text.plist; path = "Vitality-Pro-Info.plist"; sourceTree = SOURCE_ROOT; };
/* End PBXFileReference section */

/* Begin PBXFrameworksBuildPhase section */
		BB490E702B7E6FA3000D232B /* Frameworks */ = {
			isa = PBXFrameworksBuildPhase;
			buildActionMask = 2147483647;
			files = (
				BB735B9F2BD6943D003C30C6 /* Mixpanel in Frameworks */,
			);
			runOnlyForDeploymentPostprocessing = 0;
		};
/* End PBXFrameworksBuildPhase section */

/* Begin PBXGroup section */
		BB490E6A2B7E6FA3000D232B = {
			isa = PBXGroup;
			children = (
				BB490E752B7E6FA3000D232B /* Vitality Pro */,
				BB490E742B7E6FA3000D232B /* Products */,
			);
			sourceTree = "<group>";
		};
		BB490E742B7E6FA3000D232B /* Products */ = {
			isa = PBXGroup;
			children = (
				BB490E732B7E6FA3000D232B /* Vitality Pro.app */,
			);
			name = Products;
			sourceTree = "<group>";
		};
		BB490E752B7E6FA3000D232B /* Vitality Pro */ = {
			isa = PBXGroup;
			children = (
				BB490EE52B7E9530000D232B /* Vitality Pro.entitlements */,
				BB490E8A2B7E7025000D232B /* VitalityPro.swift */,
				BB490E952B7E70FD000D232B /* Views */,
				BB490EB32B7E7207000D232B /* Models */,
				BB490EC22B7E7269000D232B /* ViewModels */,
				BB490EED2B7EBBEB000D232B /* HealthKit */,
				BB490EC72B7E7289000D232B /* Extensions */,
				BB490ED02B7E72B1000D232B /* Data */,
				BB490ED92B7E733B000D232B /* FoodDetection.mlmodel */,
				BB490E7A2B7E6FA5000D232B /* Assets.xcassets */,
				BBF437DB2BD6E53C0038B24D /* PrivacyInfo.xcprivacy */,
				BBF437DC2BD6E6180038B24D /* Vitality-Pro-Info.plist */,
				BB490E7C2B7E6FA5000D232B /* Preview Content */,
			);
			path = "Vitality Pro";
			sourceTree = "<group>";
		};
		BB490E7C2B7E6FA5000D232B /* Preview Content */ = {
			isa = PBXGroup;
			children = (
				BB490E7D2B7E6FA5000D232B /* Preview Assets.xcassets */,
			);
			path = "Preview Content";
			sourceTree = "<group>";
		};
		BB490E952B7E70FD000D232B /* Views */ = {
			isa = PBXGroup;
			children = (
				BB490EEB2B7EBAAB000D232B /* MainViews */,
				BB490EEA2B7EBA9C000D232B /* OnboardingView */,
				BB490EDB2B7E8457000D232B /* ToolbarView */,
				BB490E972B7E7119000D232B /* DashboardView */,
				BB490E982B7E712C000D232B /* DetailView */,
				BB490E962B7E7111000D232B /* CameraView */,
				BB490E9A2B7E7153000D232B /* SettingsView */,
				BB490E992B7E7142000D232B /* InfoView */,
			);
			path = Views;
			sourceTree = "<group>";
		};
		BB490E962B7E7111000D232B /* CameraView */ = {
			isa = PBXGroup;
			children = (
				BB490E9C2B7E7179000D232B /* CameraView.swift */,
				BB490E9D2B7E7179000D232B /* ViewfinderView.swift */,
				BB490E9B2B7E7179000D232B /* VTHelpView.swift */,
			);
			path = CameraView;
			sourceTree = "<group>";
		};
		BB490E972B7E7119000D232B /* DashboardView */ = {
			isa = PBXGroup;
			children = (
				BB490EA32B7E718A000D232B /* DashboardView.swift */,
				BB490EA42B7E718A000D232B /* DashboardGridView.swift */,
				BB490EA12B7E718A000D232B /* DashboardCardView.swift */,
				BB490EA22B7E718A000D232B /* DashboardEmojiView.swift */,
			);
			path = DashboardView;
			sourceTree = "<group>";
		};
		BB490E982B7E712C000D232B /* DetailView */ = {
			isa = PBXGroup;
			children = (
				BB490EAB2B7E71B7000D232B /* DetailView.swift */,
				BB490EA92B7E71B7000D232B /* DetailInfoView.swift */,
				BB490EAA2B7E71B7000D232B /* DetailStatisticsView.swift */,
			);
			path = DetailView;
			sourceTree = "<group>";
		};
		BB490E992B7E7142000D232B /* InfoView */ = {
			isa = PBXGroup;
			children = (
				BB490EB12B7E71F7000D232B /* InfoView.swift */,
			);
			path = InfoView;
			sourceTree = "<group>";
		};
		BB490E9A2B7E7153000D232B /* SettingsView */ = {
			isa = PBXGroup;
			children = (
				BB490EAF2B7E71DD000D232B /* SettingsView.swift */,
			);
			path = SettingsView;
			sourceTree = "<group>";
		};
		BB490EB32B7E7207000D232B /* Models */ = {
			isa = PBXGroup;
			children = (
				BB490EB62B7E7216000D232B /* CameraModel.swift */,
				BB490EB42B7E7216000D232B /* EmojiModel.swift */,
				BB490EB72B7E7216000D232B /* FoodModel.swift */,
				BB490EB92B7E7216000D232B /* VitaminModel.swift */,
			);
			path = Models;
			sourceTree = "<group>";
		};
		BB490EC22B7E7269000D232B /* ViewModels */ = {
			isa = PBXGroup;
			children = (
				BB490EC32B7E727B000D232B /* CameraViewModel.swift */,
				BB490EC42B7E727B000D232B /* PropertyViewModel.swift */,
			);
			path = ViewModels;
			sourceTree = "<group>";
		};
		BB490EC72B7E7289000D232B /* Extensions */ = {
			isa = PBXGroup;
			children = (
				BB490ECA2B7E72A1000D232B /* Calendar.swift */,
				BB490ECB2B7E72A2000D232B /* Date.swift */,
				BB490EC82B7E72A1000D232B /* Double.swift */,
			);
			path = Extensions;
			sourceTree = "<group>";
		};
		BB490ED02B7E72B1000D232B /* Data */ = {
			isa = PBXGroup;
			children = (
				BB490ED22B7E72C3000D232B /* Foods.swift */,
				BB490ED32B7E72C3000D232B /* Vitamins.swift */,
				BB490ED12B7E72C3000D232B /* Weekdays.swift */,
			);
			path = Data;
			sourceTree = "<group>";
		};
		BB490EDB2B7E8457000D232B /* ToolbarView */ = {
			isa = PBXGroup;
			children = (
				BB490EDC2B7E847D000D232B /* ToolbarView.swift */,
			);
			path = ToolbarView;
			sourceTree = "<group>";
		};
		BB490EEA2B7EBA9C000D232B /* OnboardingView */ = {
			isa = PBXGroup;
			children = (
				BB490EE82B7EBA48000D232B /* OnboardingView.swift */,
			);
			path = OnboardingView;
			sourceTree = "<group>";
		};
		BB490EEB2B7EBAAB000D232B /* MainViews */ = {
			isa = PBXGroup;
			children = (
				BB490E882B7E7025000D232B /* ContentView.swift */,
				BB490EE62B7EAF1F000D232B /* UnavailableView.swift */,
			);
			path = MainViews;
			sourceTree = "<group>";
		};
		BB490EED2B7EBBEB000D232B /* HealthKit */ = {
			isa = PBXGroup;
			children = (
				BB490EE22B7E89F1000D232B /* HealthKitViewModel.swift */,
				BB4917122B7EF548000D232B /* HealthKitModels.swift */,
				BB490EEE2B7ED94C000D232B /* HKHealthRequest.swift */,
				BB490EF02B7ED997000D232B /* HKAuthorizationStatus.swift */,
				BB490EF22B7ED9C7000D232B /* HKBiologicalSex.swift */,
				BB490EF42B7EDA1C000D232B /* HKDataHandler.swift */,
			);
			path = HealthKit;
			sourceTree = "<group>";
		};
/* End PBXGroup section */

/* Begin PBXNativeTarget section */
		BB490E722B7E6FA3000D232B /* Vitality Pro */ = {
			isa = PBXNativeTarget;
			buildConfigurationList = BB490E812B7E6FA5000D232B /* Build configuration list for PBXNativeTarget "Vitality Pro" */;
			buildPhases = (
				BB490E6F2B7E6FA3000D232B /* Sources */,
				BB490E702B7E6FA3000D232B /* Frameworks */,
				BB490E712B7E6FA3000D232B /* Resources */,
			);
			buildRules = (
			);
			dependencies = (
			);
			name = "Vitality Pro";
			packageProductDependencies = (
				BB735B9E2BD6943D003C30C6 /* Mixpanel */,
			);
			productName = "Vitality Pro";
			productReference = BB490E732B7E6FA3000D232B /* Vitality Pro.app */;
			productType = "com.apple.product-type.application";
		};
/* End PBXNativeTarget section */

/* Begin PBXProject section */
		BB490E6B2B7E6FA3000D232B /* Project object */ = {
			isa = PBXProject;
			attributes = {
				BuildIndependentTargetsInParallel = 1;
				LastSwiftUpdateCheck = 1520;
				LastUpgradeCheck = 1520;
				TargetAttributes = {
					BB490E722B7E6FA3000D232B = {
						CreatedOnToolsVersion = 15.2;
						LastSwiftMigration = 1520;
					};
				};
			};
			buildConfigurationList = BB490E6E2B7E6FA3000D232B /* Build configuration list for PBXProject "Vitality Pro" */;
			compatibilityVersion = "Xcode 14.0";
			developmentRegion = en;
			hasScannedForEncodings = 0;
			knownRegions = (
				en,
				Base,
			);
			mainGroup = BB490E6A2B7E6FA3000D232B;
			packageReferences = (
				BB735B9D2BD6943D003C30C6 /* XCRemoteSwiftPackageReference "mixpanel-swift" */,
			);
			productRefGroup = BB490E742B7E6FA3000D232B /* Products */;
			projectDirPath = "";
			projectRoot = "";
			targets = (
				BB490E722B7E6FA3000D232B /* Vitality Pro */,
			);
		};
/* End PBXProject section */

/* Begin PBXResourcesBuildPhase section */
		BB490E712B7E6FA3000D232B /* Resources */ = {
			isa = PBXResourcesBuildPhase;
			buildActionMask = 2147483647;
			files = (
				BB490E7E2B7E6FA5000D232B /* Preview Assets.xcassets in Resources */,
				BB490E7B2B7E6FA5000D232B /* Assets.xcassets in Resources */,
			);
			runOnlyForDeploymentPostprocessing = 0;
		};
/* End PBXResourcesBuildPhase section */

/* Begin PBXSourcesBuildPhase section */
		BB490E6F2B7E6FA3000D232B /* Sources */ = {
			isa = PBXSourcesBuildPhase;
			buildActionMask = 2147483647;
			files = (
				BB490EAD2B7E71B7000D232B /* DetailStatisticsView.swift in Sources */,
				BB490EBD2B7E7216000D232B /* CameraModel.swift in Sources */,
				BB490E9E2B7E7179000D232B /* VTHelpView.swift in Sources */,
				BB4917132B7EF548000D232B /* HealthKitModels.swift in Sources */,
				BB490EC62B7E727B000D232B /* PropertyViewModel.swift in Sources */,
				BB490ED42B7E72C3000D232B /* Weekdays.swift in Sources */,
				BB490EE42B7E89F1000D232B /* HealthKitViewModel.swift in Sources */,
				BB490EA52B7E718A000D232B /* DashboardCardView.swift in Sources */,
				BB490EC02B7E7216000D232B /* VitaminModel.swift in Sources */,
				BB490EC52B7E727B000D232B /* CameraViewModel.swift in Sources */,
				BB490ECE2B7E72A2000D232B /* Calendar.swift in Sources */,
				BB490EA82B7E718A000D232B /* DashboardGridView.swift in Sources */,
				BB490ECC2B7E72A2000D232B /* Double.swift in Sources */,
				BB490E902B7E7025000D232B /* ContentView.swift in Sources */,
				BB490EEF2B7ED94C000D232B /* HKHealthRequest.swift in Sources */,
				BB490EE92B7EBA48000D232B /* OnboardingView.swift in Sources */,
				BB490EA72B7E718A000D232B /* DashboardView.swift in Sources */,
				BB490ED62B7E72C3000D232B /* Vitamins.swift in Sources */,
				BB490E922B7E7025000D232B /* VitalityPro.swift in Sources */,
				BB490EA02B7E7179000D232B /* ViewfinderView.swift in Sources */,
				BB490ED52B7E72C3000D232B /* Foods.swift in Sources */,
				BB490EBB2B7E7216000D232B /* EmojiModel.swift in Sources */,
				BB490EDA2B7E733B000D232B /* FoodDetection.mlmodel in Sources */,
				BB490EB02B7E71DD000D232B /* SettingsView.swift in Sources */,
				BB490E9F2B7E7179000D232B /* CameraView.swift in Sources */,
				BB490EF12B7ED997000D232B /* HKAuthorizationStatus.swift in Sources */,
				BB490EF52B7EDA1C000D232B /* HKDataHandler.swift in Sources */,
				BB490EAC2B7E71B7000D232B /* DetailInfoView.swift in Sources */,
				BB490EE72B7EAF1F000D232B /* UnavailableView.swift in Sources */,
				BB490EDD2B7E847D000D232B /* ToolbarView.swift in Sources */,
				BB490EA62B7E718A000D232B /* DashboardEmojiView.swift in Sources */,
				BB490EBE2B7E7216000D232B /* FoodModel.swift in Sources */,
				BB490EF32B7ED9C7000D232B /* HKBiologicalSex.swift in Sources */,
				BB490EB22B7E71F7000D232B /* InfoView.swift in Sources */,
				BB490ECF2B7E72A2000D232B /* Date.swift in Sources */,
				BB490EAE2B7E71B7000D232B /* DetailView.swift in Sources */,
			);
			runOnlyForDeploymentPostprocessing = 0;
		};
/* End PBXSourcesBuildPhase section */

/* Begin XCBuildConfiguration section */
		BB490E7F2B7E6FA5000D232B /* Debug */ = {
			isa = XCBuildConfiguration;
			buildSettings = {
				ALWAYS_SEARCH_USER_PATHS = NO;
				ASSETCATALOG_COMPILER_GENERATE_SWIFT_ASSET_SYMBOL_EXTENSIONS = YES;
				CLANG_ANALYZER_NONNULL = YES;
				CLANG_ANALYZER_NUMBER_OBJECT_CONVERSION = YES_AGGRESSIVE;
				CLANG_CXX_LANGUAGE_STANDARD = "gnu++20";
				CLANG_ENABLE_MODULES = YES;
				CLANG_ENABLE_OBJC_ARC = YES;
				CLANG_ENABLE_OBJC_WEAK = YES;
				CLANG_WARN_BLOCK_CAPTURE_AUTORELEASING = YES;
				CLANG_WARN_BOOL_CONVERSION = YES;
				CLANG_WARN_COMMA = YES;
				CLANG_WARN_CONSTANT_CONVERSION = YES;
				CLANG_WARN_DEPRECATED_OBJC_IMPLEMENTATIONS = YES;
				CLANG_WARN_DIRECT_OBJC_ISA_USAGE = YES_ERROR;
				CLANG_WARN_DOCUMENTATION_COMMENTS = YES;
				CLANG_WARN_EMPTY_BODY = YES;
				CLANG_WARN_ENUM_CONVERSION = YES;
				CLANG_WARN_INFINITE_RECURSION = YES;
				CLANG_WARN_INT_CONVERSION = YES;
				CLANG_WARN_NON_LITERAL_NULL_CONVERSION = YES;
				CLANG_WARN_OBJC_IMPLICIT_RETAIN_SELF = YES;
				CLANG_WARN_OBJC_LITERAL_CONVERSION = YES;
				CLANG_WARN_OBJC_ROOT_CLASS = YES_ERROR;
				CLANG_WARN_QUOTED_INCLUDE_IN_FRAMEWORK_HEADER = YES;
				CLANG_WARN_RANGE_LOOP_ANALYSIS = YES;
				CLANG_WARN_STRICT_PROTOTYPES = YES;
				CLANG_WARN_SUSPICIOUS_MOVE = YES;
				CLANG_WARN_UNGUARDED_AVAILABILITY = YES_AGGRESSIVE;
				CLANG_WARN_UNREACHABLE_CODE = YES;
				CLANG_WARN__DUPLICATE_METHOD_MATCH = YES;
				COPY_PHASE_STRIP = NO;
				DEBUG_INFORMATION_FORMAT = dwarf;
				ENABLE_STRICT_OBJC_MSGSEND = YES;
				ENABLE_TESTABILITY = YES;
				ENABLE_USER_SCRIPT_SANDBOXING = YES;
				GCC_C_LANGUAGE_STANDARD = gnu17;
				GCC_DYNAMIC_NO_PIC = NO;
				GCC_NO_COMMON_BLOCKS = YES;
				GCC_OPTIMIZATION_LEVEL = 0;
				GCC_PREPROCESSOR_DEFINITIONS = (
					"DEBUG=1",
					"$(inherited)",
				);
				GCC_WARN_64_TO_32_BIT_CONVERSION = YES;
				GCC_WARN_ABOUT_RETURN_TYPE = YES_ERROR;
				GCC_WARN_UNDECLARED_SELECTOR = YES;
				GCC_WARN_UNINITIALIZED_AUTOS = YES_AGGRESSIVE;
				GCC_WARN_UNUSED_FUNCTION = YES;
				GCC_WARN_UNUSED_VARIABLE = YES;
				IPHONEOS_DEPLOYMENT_TARGET = 17.2;
				LOCALIZATION_PREFERS_STRING_CATALOGS = YES;
				MTL_ENABLE_DEBUG_INFO = INCLUDE_SOURCE;
				MTL_FAST_MATH = YES;
				ONLY_ACTIVE_ARCH = YES;
				SDKROOT = iphoneos;
				SWIFT_ACTIVE_COMPILATION_CONDITIONS = "DEBUG $(inherited)";
				SWIFT_OPTIMIZATION_LEVEL = "-Onone";
			};
			name = Debug;
		};
		BB490E802B7E6FA5000D232B /* Release */ = {
			isa = XCBuildConfiguration;
			buildSettings = {
				ALWAYS_SEARCH_USER_PATHS = NO;
				ASSETCATALOG_COMPILER_GENERATE_SWIFT_ASSET_SYMBOL_EXTENSIONS = YES;
				CLANG_ANALYZER_NONNULL = YES;
				CLANG_ANALYZER_NUMBER_OBJECT_CONVERSION = YES_AGGRESSIVE;
				CLANG_CXX_LANGUAGE_STANDARD = "gnu++20";
				CLANG_ENABLE_MODULES = YES;
				CLANG_ENABLE_OBJC_ARC = YES;
				CLANG_ENABLE_OBJC_WEAK = YES;
				CLANG_WARN_BLOCK_CAPTURE_AUTORELEASING = YES;
				CLANG_WARN_BOOL_CONVERSION = YES;
				CLANG_WARN_COMMA = YES;
				CLANG_WARN_CONSTANT_CONVERSION = YES;
				CLANG_WARN_DEPRECATED_OBJC_IMPLEMENTATIONS = YES;
				CLANG_WARN_DIRECT_OBJC_ISA_USAGE = YES_ERROR;
				CLANG_WARN_DOCUMENTATION_COMMENTS = YES;
				CLANG_WARN_EMPTY_BODY = YES;
				CLANG_WARN_ENUM_CONVERSION = YES;
				CLANG_WARN_INFINITE_RECURSION = YES;
				CLANG_WARN_INT_CONVERSION = YES;
				CLANG_WARN_NON_LITERAL_NULL_CONVERSION = YES;
				CLANG_WARN_OBJC_IMPLICIT_RETAIN_SELF = YES;
				CLANG_WARN_OBJC_LITERAL_CONVERSION = YES;
				CLANG_WARN_OBJC_ROOT_CLASS = YES_ERROR;
				CLANG_WARN_QUOTED_INCLUDE_IN_FRAMEWORK_HEADER = YES;
				CLANG_WARN_RANGE_LOOP_ANALYSIS = YES;
				CLANG_WARN_STRICT_PROTOTYPES = YES;
				CLANG_WARN_SUSPICIOUS_MOVE = YES;
				CLANG_WARN_UNGUARDED_AVAILABILITY = YES_AGGRESSIVE;
				CLANG_WARN_UNREACHABLE_CODE = YES;
				CLANG_WARN__DUPLICATE_METHOD_MATCH = YES;
				COPY_PHASE_STRIP = NO;
				DEBUG_INFORMATION_FORMAT = "dwarf-with-dsym";
				ENABLE_NS_ASSERTIONS = NO;
				ENABLE_STRICT_OBJC_MSGSEND = YES;
				ENABLE_USER_SCRIPT_SANDBOXING = YES;
				GCC_C_LANGUAGE_STANDARD = gnu17;
				GCC_NO_COMMON_BLOCKS = YES;
				GCC_WARN_64_TO_32_BIT_CONVERSION = YES;
				GCC_WARN_ABOUT_RETURN_TYPE = YES_ERROR;
				GCC_WARN_UNDECLARED_SELECTOR = YES;
				GCC_WARN_UNINITIALIZED_AUTOS = YES_AGGRESSIVE;
				GCC_WARN_UNUSED_FUNCTION = YES;
				GCC_WARN_UNUSED_VARIABLE = YES;
				IPHONEOS_DEPLOYMENT_TARGET = 17.2;
				LOCALIZATION_PREFERS_STRING_CATALOGS = YES;
				MTL_ENABLE_DEBUG_INFO = NO;
				MTL_FAST_MATH = YES;
				SDKROOT = iphoneos;
				SWIFT_COMPILATION_MODE = wholemodule;
				VALIDATE_PRODUCT = YES;
			};
			name = Release;
		};
		BB490E822B7E6FA5000D232B /* Debug */ = {
			isa = XCBuildConfiguration;
			buildSettings = {
				ASSETCATALOG_COMPILER_APPICON_NAME = AppIcon;
				ASSETCATALOG_COMPILER_GLOBAL_ACCENT_COLOR_NAME = AccentColor;
				CLANG_ENABLE_MODULES = YES;
				CODE_SIGN_ENTITLEMENTS = "Vitality Pro/Vitality Pro.entitlements";
				CODE_SIGN_STYLE = Automatic;
				CURRENT_PROJECT_VERSION = 1;
				DEVELOPMENT_ASSET_PATHS = "\"Vitality Pro/Preview Content\"";
				DEVELOPMENT_TEAM = X8ZDMM9V4U;
				ENABLE_PREVIEWS = YES;
				GENERATE_INFOPLIST_FILE = YES;
				INFOPLIST_FILE = "Vitality-Pro-Info.plist";
				INFOPLIST_KEY_NSCameraUsageDescription = "Use your iPhone's camera to take pictures of the fruits/vegetables you eat.";
				INFOPLIST_KEY_NSHealthShareUsageDescription = "Allow Vitality Pro to access your vitamin data.";
				INFOPLIST_KEY_NSHealthUpdateUsageDescription = "Allow Vitality Pro to write Health data based on the fruits/vegetables you eat.";
				INFOPLIST_KEY_UIApplicationSceneManifest_Generation = YES;
				INFOPLIST_KEY_UIApplicationSupportsIndirectInputEvents = YES;
				INFOPLIST_KEY_UILaunchScreen_Generation = YES;
				INFOPLIST_KEY_UISupportedInterfaceOrientations = UIInterfaceOrientationPortrait;
				LD_RUNPATH_SEARCH_PATHS = (
					"$(inherited)",
					"@executable_path/Frameworks",
				);
				MARKETING_VERSION = 1.0.2;
				PRODUCT_BUNDLE_IDENTIFIER = "com.stoobit.Vitality-Pro";
				PRODUCT_NAME = "$(TARGET_NAME)";
				SUPPORTED_PLATFORMS = "iphoneos iphonesimulator";
				SUPPORTS_MACCATALYST = NO;
				SUPPORTS_MAC_DESIGNED_FOR_IPHONE_IPAD = NO;
				SUPPORTS_XR_DESIGNED_FOR_IPHONE_IPAD = NO;
				SWIFT_EMIT_LOC_STRINGS = YES;
				SWIFT_OPTIMIZATION_LEVEL = "-Onone";
				SWIFT_VERSION = 5.0;
				TARGETED_DEVICE_FAMILY = 1;
			};
			name = Debug;
		};
		BB490E832B7E6FA5000D232B /* Release */ = {
			isa = XCBuildConfiguration;
			buildSettings = {
				ASSETCATALOG_COMPILER_APPICON_NAME = AppIcon;
				ASSETCATALOG_COMPILER_GLOBAL_ACCENT_COLOR_NAME = AccentColor;
				CLANG_ENABLE_MODULES = YES;
				CODE_SIGN_ENTITLEMENTS = "Vitality Pro/Vitality Pro.entitlements";
				CODE_SIGN_STYLE = Automatic;
				CURRENT_PROJECT_VERSION = 1;
				DEVELOPMENT_ASSET_PATHS = "\"Vitality Pro/Preview Content\"";
				DEVELOPMENT_TEAM = X8ZDMM9V4U;
				ENABLE_PREVIEWS = YES;
				GENERATE_INFOPLIST_FILE = YES;
				INFOPLIST_FILE = "Vitality-Pro-Info.plist";
				INFOPLIST_KEY_NSCameraUsageDescription = "Use your iPhone's camera to take pictures of the fruits/vegetables you eat.";
				INFOPLIST_KEY_NSHealthShareUsageDescription = "Allow Vitality Pro to access your vitamin data.";
				INFOPLIST_KEY_NSHealthUpdateUsageDescription = "Allow Vitality Pro to write Health data based on the fruits/vegetables you eat.";
				INFOPLIST_KEY_UIApplicationSceneManifest_Generation = YES;
				INFOPLIST_KEY_UIApplicationSupportsIndirectInputEvents = YES;
				INFOPLIST_KEY_UILaunchScreen_Generation = YES;
				INFOPLIST_KEY_UISupportedInterfaceOrientations = UIInterfaceOrientationPortrait;
				LD_RUNPATH_SEARCH_PATHS = (
					"$(inherited)",
					"@executable_path/Frameworks",
				);
				MARKETING_VERSION = 1.0.2;
				PRODUCT_BUNDLE_IDENTIFIER = "com.stoobit.Vitality-Pro";
				PRODUCT_NAME = "$(TARGET_NAME)";
				SUPPORTED_PLATFORMS = "iphoneos iphonesimulator";
				SUPPORTS_MACCATALYST = NO;
				SUPPORTS_MAC_DESIGNED_FOR_IPHONE_IPAD = NO;
				SUPPORTS_XR_DESIGNED_FOR_IPHONE_IPAD = NO;
				SWIFT_EMIT_LOC_STRINGS = YES;
				SWIFT_VERSION = 5.0;
				TARGETED_DEVICE_FAMILY = 1;
			};
			name = Release;
		};
/* End XCBuildConfiguration section */

/* Begin XCConfigurationList section */
		BB490E6E2B7E6FA3000D232B /* Build configuration list for PBXProject "Vitality Pro" */ = {
			isa = XCConfigurationList;
			buildConfigurations = (
				BB490E7F2B7E6FA5000D232B /* Debug */,
				BB490E802B7E6FA5000D232B /* Release */,
			);
			defaultConfigurationIsVisible = 0;
			defaultConfigurationName = Release;
		};
		BB490E812B7E6FA5000D232B /* Build configuration list for PBXNativeTarget "Vitality Pro" */ = {
			isa = XCConfigurationList;
			buildConfigurations = (
				BB490E822B7E6FA5000D232B /* Debug */,
				BB490E832B7E6FA5000D232B /* Release */,
			);
			defaultConfigurationIsVisible = 0;
			defaultConfigurationName = Release;
		};
/* End XCConfigurationList section */

/* Begin XCRemoteSwiftPackageReference section */
		BB735B9D2BD6943D003C30C6 /* XCRemoteSwiftPackageReference "mixpanel-swift" */ = {
			isa = XCRemoteSwiftPackageReference;
			repositoryURL = "https://github.com/mixpanel/mixpanel-swift";
			requirement = {
				branch = master;
				kind = branch;
			};
		};
/* End XCRemoteSwiftPackageReference section */

/* Begin XCSwiftPackageProductDependency section */
		BB735B9E2BD6943D003C30C6 /* Mixpanel */ = {
			isa = XCSwiftPackageProductDependency;
			package = BB735B9D2BD6943D003C30C6 /* XCRemoteSwiftPackageReference "mixpanel-swift" */;
			productName = Mixpanel;
		};
/* End XCSwiftPackageProductDependency section */
	};
	rootObject = BB490E6B2B7E6FA3000D232B /* Project object */;
}
